
Microsoft Visual Studio Solution File, Format Version 12.00
# Visual Studio Version 16
VisualStudioVersion = 16.0.32002.261
MinimumVisualStudioVersion = 10.0.40219.1
Project("{FAE04EC0-301F-11D3-BF4B-00C04F79EFBC}") = "Group8_Hobbies", "Group8_Hobbies\Group8_Hobbies.csproj", "{973FE64F-A5F3-4397-88C8-EB1FD63F2477}"
EndProject
Global
	GlobalSection(SolutionConfigurationPlatforms) = preSolution
		Debug|Any CPU = Debug|Any CPU
		Release|Any CPU = Release|Any CPU
	EndGlobalSection
	GlobalSection(ProjectConfigurationPlatforms) = postSolution
		{973FE64F-A5F3-4397-88C8-EB1FD63F2477}.Debug|Any CPU.ActiveCfg = Debug|Any CPU
		{973FE64F-A5F3-4397-88C8-EB1FD63F2477}.Debug|Any CPU.Build.0 = Debug|Any CPU
		{973FE64F-A5F3-4397-88C8-EB1FD63F2477}.Release|Any CPU.ActiveCfg = Release|Any CPU
		{973FE64F-A5F3-4397-88C8-EB1FD63F2477}.Release|Any CPU.Build.0 = Release|Any CPU
	EndGlobalSection
	GlobalSection(SolutionProperties) = preSolution
		HideSolutionNode = FALSE
	EndGlobalSection
	GlobalSection(ExtensibilityGlobals) = postSolution
		SolutionGuid = {23EC15CA-B122-4894-A2B9-036959B9FE21}
	EndGlobalSection
EndGlobal
